
Microsoft Visual Studio Solution File, Format Version 12.00
Project("{2150E333-8FDC-42A3-9474-1A3956D46DE8}") = "backend", "backend", "{8F130189-34F2-4828-9430-EC3271577DF6}"
EndProject
Project("{2150E333-8FDC-42A3-9474-1A3956D46DE8}") = "src", "src", "{3AB80242-E3E2-4A90-9805-869F1F459CEB}"
EndProject
Project("{FAE04EC0-301F-11D3-BF4B-00C04F79EFBC}") = "DomainScanner.Api", "DomainScanner.Api\DomainScanner.Api.csproj", "{FBA6ABF2-60FA-46CB-B76A-BC4AB92158A5}"
EndProject
Project("{FAE04EC0-301F-11D3-BF4B-00C04F79EFBC}") = "DomainScanner.Application", "DomainScanner.Application\DomainScanner.Application.csproj", "{0D7A6ABB-06BB-4BD7-98EF-A7D0B172CDCB}"
EndProject
Project("{FAE04EC0-301F-11D3-BF4B-00C04F79EFBC}") = "DomainScanner.Domain", "DomainScanner.Domain\DomainScanner.Domain.csproj", "{8DAB237C-8719-4AEE-ADF7-1FFAC0D87C90}"
EndProject
Project("{2150E333-8FDC-42A3-9474-1A3956D46DE8}") = "Solution Items", "Solution Items", "{092539E5-01C8-4E46-B394-7A8FE2EE18B7}"
	ProjectSection(SolutionItems) = preProject
		..\..\localhost\docker-compose.yaml = ..\..\localhost\docker-compose.yaml
		..\..\localhost\.dockerignore = ..\..\localhost\.dockerignore
		..\..\localhost\.env = ..\..\localhost\.env
		..\..\localhost\.env.example = ..\..\localhost\.env.example
	EndProjectSection
EndProject
Project("{FAE04EC0-301F-11D3-BF4B-00C04F79EFBC}") = "DomainScanner.Worker", "DomainScanner.Worker\DomainScanner.Worker.csproj", "{97DB100A-8EF2-4BCF-8CAA-B3287394F031}"
EndProject
Project("{FAE04EC0-301F-11D3-BF4B-00C04F79EFBC}") = "DomainScanner.Shared", "DomainScanner.Shared\DomainScanner.Shared.csproj", "{A9906269-A053-4E13-8F6B-EF155FE43BD0}"
EndProject
Project("{FAE04EC0-301F-11D3-BF4B-00C04F79EFBC}") = "DomainScanner.Infrastructure", "DomainScanner.Infrastructure\DomainScanner.Infrastructure.csproj", "{8038D543-5805-4863-BBAF-6452F2B40971}"
EndProject
Project("{FAE04EC0-301F-11D3-BF4B-00C04F79EFBC}") = "DomainScanner.Contracts", "DomainScanner.Contracts\DomainScanner.Contracts.csproj", "{49FEB463-C013-4012-86DB-904B6F503967}"
EndProject
Project("{2150E333-8FDC-42A3-9474-1A3956D46DE8}") = "tests", "tests", "{73D37851-F3CD-4EC8-B172-EB1B81842CBE}"
EndProject
Project("{FAE04EC0-301F-11D3-BF4B-00C04F79EFBC}") = "DomainScanner.Contracts.UnitTests", "..\tests\DomainScanner.Contracts.UnitTests\DomainScanner.Contracts.UnitTests.csproj", "{21BBCDEE-F0CF-4205-8C47-C3E608388557}"
EndProject
Project("{FAE04EC0-301F-11D3-BF4B-00C04F79EFBC}") = "DomainScanner.Application.UnitTests", "..\tests\DomainScanner.Application.UnitTests\DomainScanner.Application.UnitTests.csproj", "{B8DFFF21-F6A8-413E-8FBA-4FE317DA0F44}"
EndProject
Global
	GlobalSection(SolutionConfigurationPlatforms) = preSolution
		Debug|Any CPU = Debug|Any CPU
		Release|Any CPU = Release|Any CPU
	EndGlobalSection
	GlobalSection(ProjectConfigurationPlatforms) = postSolution
		{FBA6ABF2-60FA-46CB-B76A-BC4AB92158A5}.Debug|Any CPU.ActiveCfg = Debug|Any CPU
		{FBA6ABF2-60FA-46CB-B76A-BC4AB92158A5}.Debug|Any CPU.Build.0 = Debug|Any CPU
		{FBA6ABF2-60FA-46CB-B76A-BC4AB92158A5}.Release|Any CPU.ActiveCfg = Release|Any CPU
		{FBA6ABF2-60FA-46CB-B76A-BC4AB92158A5}.Release|Any CPU.Build.0 = Release|Any CPU
		{0D7A6ABB-06BB-4BD7-98EF-A7D0B172CDCB}.Debug|Any CPU.ActiveCfg = Debug|Any CPU
		{0D7A6ABB-06BB-4BD7-98EF-A7D0B172CDCB}.Debug|Any CPU.Build.0 = Debug|Any CPU
		{0D7A6ABB-06BB-4BD7-98EF-A7D0B172CDCB}.Release|Any CPU.ActiveCfg = Release|Any CPU
		{0D7A6ABB-06BB-4BD7-98EF-A7D0B172CDCB}.Release|Any CPU.Build.0 = Release|Any CPU
		{8DAB237C-8719-4AEE-ADF7-1FFAC0D87C90}.Debug|Any CPU.ActiveCfg = Debug|Any CPU
		{8DAB237C-8719-4AEE-ADF7-1FFAC0D87C90}.Debug|Any CPU.Build.0 = Debug|Any CPU
		{8DAB237C-8719-4AEE-ADF7-1FFAC0D87C90}.Release|Any CPU.ActiveCfg = Release|Any CPU
		{8DAB237C-8719-4AEE-ADF7-1FFAC0D87C90}.Release|Any CPU.Build.0 = Release|Any CPU
		{97DB100A-8EF2-4BCF-8CAA-B3287394F031}.Debug|Any CPU.ActiveCfg = Debug|Any CPU
		{97DB100A-8EF2-4BCF-8CAA-B3287394F031}.Debug|Any CPU.Build.0 = Debug|Any CPU
		{97DB100A-8EF2-4BCF-8CAA-B3287394F031}.Release|Any CPU.ActiveCfg = Release|Any CPU
		{97DB100A-8EF2-4BCF-8CAA-B3287394F031}.Release|Any CPU.Build.0 = Release|Any CPU
		{A9906269-A053-4E13-8F6B-EF155FE43BD0}.Debug|Any CPU.ActiveCfg = Debug|Any CPU
		{A9906269-A053-4E13-8F6B-EF155FE43BD0}.Debug|Any CPU.Build.0 = Debug|Any CPU
		{A9906269-A053-4E13-8F6B-EF155FE43BD0}.Release|Any CPU.ActiveCfg = Release|Any CPU
		{A9906269-A053-4E13-8F6B-EF155FE43BD0}.Release|Any CPU.Build.0 = Release|Any CPU
		{8038D543-5805-4863-BBAF-6452F2B40971}.Debug|Any CPU.ActiveCfg = Debug|Any CPU
		{8038D543-5805-4863-BBAF-6452F2B40971}.Debug|Any CPU.Build.0 = Debug|Any CPU
		{8038D543-5805-4863-BBAF-6452F2B40971}.Release|Any CPU.ActiveCfg = Release|Any CPU
		{8038D543-5805-4863-BBAF-6452F2B40971}.Release|Any CPU.Build.0 = Release|Any CPU
		{49FEB463-C013-4012-86DB-904B6F503967}.Debug|Any CPU.ActiveCfg = Debug|Any CPU
		{49FEB463-C013-4012-86DB-904B6F503967}.Debug|Any CPU.Build.0 = Debug|Any CPU
		{49FEB463-C013-4012-86DB-904B6F503967}.Release|Any CPU.ActiveCfg = Release|Any CPU
		{49FEB463-C013-4012-86DB-904B6F503967}.Release|Any CPU.Build.0 = Release|Any CPU
		{21BBCDEE-F0CF-4205-8C47-C3E608388557}.Debug|Any CPU.ActiveCfg = Debug|Any CPU
		{21BBCDEE-F0CF-4205-8C47-C3E608388557}.Debug|Any CPU.Build.0 = Debug|Any CPU
		{21BBCDEE-F0CF-4205-8C47-C3E608388557}.Release|Any CPU.ActiveCfg = Release|Any CPU
		{21BBCDEE-F0CF-4205-8C47-C3E608388557}.Release|Any CPU.Build.0 = Release|Any CPU
		{B8DFFF21-F6A8-413E-8FBA-4FE317DA0F44}.Debug|Any CPU.ActiveCfg = Debug|Any CPU
		{B8DFFF21-F6A8-413E-8FBA-4FE317DA0F44}.Debug|Any CPU.Build.0 = Debug|Any CPU
		{B8DFFF21-F6A8-413E-8FBA-4FE317DA0F44}.Release|Any CPU.ActiveCfg = Release|Any CPU
		{B8DFFF21-F6A8-413E-8FBA-4FE317DA0F44}.Release|Any CPU.Build.0 = Release|Any CPU
	EndGlobalSection
	GlobalSection(NestedProjects) = preSolution
		{3AB80242-E3E2-4A90-9805-869F1F459CEB} = {8F130189-34F2-4828-9430-EC3271577DF6}
		{FBA6ABF2-60FA-46CB-B76A-BC4AB92158A5} = {3AB80242-E3E2-4A90-9805-869F1F459CEB}
		{0D7A6ABB-06BB-4BD7-98EF-A7D0B172CDCB} = {3AB80242-E3E2-4A90-9805-869F1F459CEB}
		{8DAB237C-8719-4AEE-ADF7-1FFAC0D87C90} = {3AB80242-E3E2-4A90-9805-869F1F459CEB}
		{97DB100A-8EF2-4BCF-8CAA-B3287394F031} = {3AB80242-E3E2-4A90-9805-869F1F459CEB}
		{A9906269-A053-4E13-8F6B-EF155FE43BD0} = {3AB80242-E3E2-4A90-9805-869F1F459CEB}
		{8038D543-5805-4863-BBAF-6452F2B40971} = {3AB80242-E3E2-4A90-9805-869F1F459CEB}
		{49FEB463-C013-4012-86DB-904B6F503967} = {3AB80242-E3E2-4A90-9805-869F1F459CEB}
		{73D37851-F3CD-4EC8-B172-EB1B81842CBE} = {8F130189-34F2-4828-9430-EC3271577DF6}
		{21BBCDEE-F0CF-4205-8C47-C3E608388557} = {73D37851-F3CD-4EC8-B172-EB1B81842CBE}
		{B8DFFF21-F6A8-413E-8FBA-4FE317DA0F44} = {73D37851-F3CD-4EC8-B172-EB1B81842CBE}
	EndGlobalSection
EndGlobal
